// !$*UTF8*$!
{
	archiveVersion = 1;
	classes = {
	};
	objectVersion = 46;
	objects = {

/* Begin PBXBuildFile section */
		1BCCF7E1C83106514B156165 /* Pods_ComponentsTests.framework in Frameworks */ = {isa = PBXBuildFile; fileRef = 43BEF15495185CC05024733B /* Pods_ComponentsTests.framework */; };
		94AF953A404E4B5CA232211B /* Pods_Components.framework in Frameworks */ = {isa = PBXBuildFile; fileRef = 14A769DF285468E48D2779C2 /* Pods_Components.framework */; };
		FA06AA3A1F36EFB9000C9F49 /* JoyViewController.swift in Sources */ = {isa = PBXBuildFile; fileRef = FA06AA391F36EFB9000C9F49 /* JoyViewController.swift */; };
		FA06AA3C1F36EFDC000C9F49 /* Joy.storyboard in Resources */ = {isa = PBXBuildFile; fileRef = FA06AA3B1F36EFDC000C9F49 /* Joy.storyboard */; };
		FA06AA3F1F36F6CC000C9F49 /* JoyPageView.swift in Sources */ = {isa = PBXBuildFile; fileRef = FA06AA3E1F36F6CC000C9F49 /* JoyPageView.swift */; };
		FA06AA471F3701CB000C9F49 /* FXPageControl.m in Sources */ = {isa = PBXBuildFile; fileRef = FA06AA461F3701CB000C9F49 /* FXPageControl.m */; };
		FA4A653D1F28F16500ED6138 /* AppDelegate.swift in Sources */ = {isa = PBXBuildFile; fileRef = FA4A653C1F28F16500ED6138 /* AppDelegate.swift */; };
		FA4A653F1F28F16500ED6138 /* ViewController.swift in Sources */ = {isa = PBXBuildFile; fileRef = FA4A653E1F28F16500ED6138 /* ViewController.swift */; };
		FA4A65421F28F16500ED6138 /* Main.storyboard in Resources */ = {isa = PBXBuildFile; fileRef = FA4A65401F28F16500ED6138 /* Main.storyboard */; };
		FA4A65441F28F16500ED6138 /* Assets.xcassets in Resources */ = {isa = PBXBuildFile; fileRef = FA4A65431F28F16500ED6138 /* Assets.xcassets */; };
		FA4A65521F28F16600ED6138 /* ComponentsTests.swift in Sources */ = {isa = PBXBuildFile; fileRef = FA4A65511F28F16600ED6138 /* ComponentsTests.swift */; };
		FA4C691C1F30E6BA0079A8C9 /* Singleton.swift in Sources */ = {isa = PBXBuildFile; fileRef = FA4C691B1F30E6BA0079A8C9 /* Singleton.swift */; };
		FA4C691E1F30E90F0079A8C9 /* BuilderPattern.swift in Sources */ = {isa = PBXBuildFile; fileRef = FA4C691D1F30E90F0079A8C9 /* BuilderPattern.swift */; };
		FA4C69221F30F8100079A8C9 /* NetworkManager.swift in Sources */ = {isa = PBXBuildFile; fileRef = FA4C69211F30F8100079A8C9 /* NetworkManager.swift */; };
		FAB94D771F33549400C4DC6D /* ServiceType.swift in Sources */ = {isa = PBXBuildFile; fileRef = FAB94D761F33549400C4DC6D /* ServiceType.swift */; };
		FAB94D791F33559400C4DC6D /* NetworkClient.swift in Sources */ = {isa = PBXBuildFile; fileRef = FAB94D781F33559400C4DC6D /* NetworkClient.swift */; };
		FAB94D7B1F335C9200C4DC6D /* AlamofireCient.swift in Sources */ = {isa = PBXBuildFile; fileRef = FAB94D7A1F335C9200C4DC6D /* AlamofireCient.swift */; };
		FAB94D7D1F335F8B00C4DC6D /* Environment.swift in Sources */ = {isa = PBXBuildFile; fileRef = FAB94D7C1F335F8B00C4DC6D /* Environment.swift */; };
		FAB94D7F1F33617700C4DC6D /* SharedSettings.swift in Sources */ = {isa = PBXBuildFile; fileRef = FAB94D7E1F33617700C4DC6D /* SharedSettings.swift */; };
		FAB94D811F3369C200C4DC6D /* NetworkError.swift in Sources */ = {isa = PBXBuildFile; fileRef = FAB94D801F3369C200C4DC6D /* NetworkError.swift */; };
		FAB94D831F33747000C4DC6D /* MappingContext.swift in Sources */ = {isa = PBXBuildFile; fileRef = FAB94D821F33747000C4DC6D /* MappingContext.swift */; };
		FAB94D851F3376F200C4DC6D /* BaseResponse.swift in Sources */ = {isa = PBXBuildFile; fileRef = FAB94D841F3376F200C4DC6D /* BaseResponse.swift */; };
		FAB94D871F33797000C4DC6D /* SampleData.swift in Sources */ = {isa = PBXBuildFile; fileRef = FAB94D861F33797000C4DC6D /* SampleData.swift */; };
		FAB94D891F337CC400C4DC6D /* SampleDataService.swift in Sources */ = {isa = PBXBuildFile; fileRef = FAB94D881F337CC400C4DC6D /* SampleDataService.swift */; };
/* End PBXBuildFile section */

/* Begin PBXContainerItemProxy section */
		FA4A654E1F28F16600ED6138 /* PBXContainerItemProxy */ = {
			isa = PBXContainerItemProxy;
			containerPortal = FA4A65311F28F16500ED6138 /* Project object */;
			proxyType = 1;
			remoteGlobalIDString = FA4A65381F28F16500ED6138;
			remoteInfo = Components;
		};
/* End PBXContainerItemProxy section */

/* Begin PBXFileReference section */
		14A769DF285468E48D2779C2 /* Pods_Components.framework */ = {isa = PBXFileReference; explicitFileType = wrapper.framework; includeInIndex = 0; path = Pods_Components.framework; sourceTree = BUILT_PRODUCTS_DIR; };
		150D61C12E6DBE855D95BD60 /* Pods-Components.release.xcconfig */ = {isa = PBXFileReference; includeInIndex = 1; lastKnownFileType = text.xcconfig; name = "Pods-Components.release.xcconfig"; path = "Pods/Target Support Files/Pods-Components/Pods-Components.release.xcconfig"; sourceTree = "<group>"; };
		26A61C6BFF74CC9DDB3DBF53 /* Pods-Components.debug.xcconfig */ = {isa = PBXFileReference; includeInIndex = 1; lastKnownFileType = text.xcconfig; name = "Pods-Components.debug.xcconfig"; path = "Pods/Target Support Files/Pods-Components/Pods-Components.debug.xcconfig"; sourceTree = "<group>"; };
		43BEF15495185CC05024733B /* Pods_ComponentsTests.framework */ = {isa = PBXFileReference; explicitFileType = wrapper.framework; includeInIndex = 0; path = Pods_ComponentsTests.framework; sourceTree = BUILT_PRODUCTS_DIR; };
		94CCF170654686C40A76C68A /* Pods-ComponentsTests.release.xcconfig */ = {isa = PBXFileReference; includeInIndex = 1; lastKnownFileType = text.xcconfig; name = "Pods-ComponentsTests.release.xcconfig"; path = "Pods/Target Support Files/Pods-ComponentsTests/Pods-ComponentsTests.release.xcconfig"; sourceTree = "<group>"; };
		D27472B6533275FCE4933F54 /* Pods-ComponentsTests.debug.xcconfig */ = {isa = PBXFileReference; includeInIndex = 1; lastKnownFileType = text.xcconfig; name = "Pods-ComponentsTests.debug.xcconfig"; path = "Pods/Target Support Files/Pods-ComponentsTests/Pods-ComponentsTests.debug.xcconfig"; sourceTree = "<group>"; };
		FA06AA391F36EFB9000C9F49 /* JoyViewController.swift */ = {isa = PBXFileReference; fileEncoding = 4; lastKnownFileType = sourcecode.swift; path = JoyViewController.swift; sourceTree = "<group>"; };
		FA06AA3B1F36EFDC000C9F49 /* Joy.storyboard */ = {isa = PBXFileReference; fileEncoding = 4; lastKnownFileType = file.storyboard; path = Joy.storyboard; sourceTree = "<group>"; };
		FA06AA3E1F36F6CC000C9F49 /* JoyPageView.swift */ = {isa = PBXFileReference; fileEncoding = 4; lastKnownFileType = sourcecode.swift; path = JoyPageView.swift; sourceTree = "<group>"; };
		FA06AA451F3701CB000C9F49 /* FXPageControl.h */ = {isa = PBXFileReference; fileEncoding = 4; lastKnownFileType = sourcecode.c.h; path = FXPageControl.h; sourceTree = "<group>"; };
		FA06AA461F3701CB000C9F49 /* FXPageControl.m */ = {isa = PBXFileReference; fileEncoding = 4; lastKnownFileType = sourcecode.c.objc; path = FXPageControl.m; sourceTree = "<group>"; };
		FA06AA481F37048E000C9F49 /* Components-Bridging-Header.h */ = {isa = PBXFileReference; fileEncoding = 4; lastKnownFileType = sourcecode.c.h; path = "Components-Bridging-Header.h"; sourceTree = "<group>"; };
		FA4A65391F28F16500ED6138 /* Components.app */ = {isa = PBXFileReference; explicitFileType = wrapper.application; includeInIndex = 0; path = Components.app; sourceTree = BUILT_PRODUCTS_DIR; };
		FA4A653C1F28F16500ED6138 /* AppDelegate.swift */ = {isa = PBXFileReference; lastKnownFileType = sourcecode.swift; path = AppDelegate.swift; sourceTree = "<group>"; };
		FA4A653E1F28F16500ED6138 /* ViewController.swift */ = {isa = PBXFileReference; lastKnownFileType = sourcecode.swift; path = ViewController.swift; sourceTree = "<group>"; };
		FA4A65411F28F16500ED6138 /* Base */ = {isa = PBXFileReference; lastKnownFileType = file.storyboard; name = Base; path = Base.lproj/Main.storyboard; sourceTree = "<group>"; };
		FA4A65431F28F16500ED6138 /* Assets.xcassets */ = {isa = PBXFileReference; lastKnownFileType = folder.assetcatalog; path = Assets.xcassets; sourceTree = "<group>"; };
		FA4A65481F28F16500ED6138 /* Info.plist */ = {isa = PBXFileReference; lastKnownFileType = text.plist.xml; path = Info.plist; sourceTree = "<group>"; };
		FA4A654D1F28F16600ED6138 /* ComponentsTests.xctest */ = {isa = PBXFileReference; explicitFileType = wrapper.cfbundle; includeInIndex = 0; path = ComponentsTests.xctest; sourceTree = BUILT_PRODUCTS_DIR; };
		FA4A65511F28F16600ED6138 /* ComponentsTests.swift */ = {isa = PBXFileReference; lastKnownFileType = sourcecode.swift; path = ComponentsTests.swift; sourceTree = "<group>"; };
		FA4A65531F28F16600ED6138 /* Info.plist */ = {isa = PBXFileReference; lastKnownFileType = text.plist.xml; path = Info.plist; sourceTree = "<group>"; };
		FA4C691B1F30E6BA0079A8C9 /* Singleton.swift */ = {isa = PBXFileReference; fileEncoding = 4; lastKnownFileType = sourcecode.swift; path = Singleton.swift; sourceTree = "<group>"; };
		FA4C691D1F30E90F0079A8C9 /* BuilderPattern.swift */ = {isa = PBXFileReference; fileEncoding = 4; lastKnownFileType = sourcecode.swift; path = BuilderPattern.swift; sourceTree = "<group>"; };
		FA4C69211F30F8100079A8C9 /* NetworkManager.swift */ = {isa = PBXFileReference; fileEncoding = 4; lastKnownFileType = sourcecode.swift; path = NetworkManager.swift; sourceTree = "<group>"; };
		FAB94D761F33549400C4DC6D /* ServiceType.swift */ = {isa = PBXFileReference; fileEncoding = 4; lastKnownFileType = sourcecode.swift; path = ServiceType.swift; sourceTree = "<group>"; };
		FAB94D781F33559400C4DC6D /* NetworkClient.swift */ = {isa = PBXFileReference; fileEncoding = 4; lastKnownFileType = sourcecode.swift; path = NetworkClient.swift; sourceTree = "<group>"; };
		FAB94D7A1F335C9200C4DC6D /* AlamofireCient.swift */ = {isa = PBXFileReference; fileEncoding = 4; lastKnownFileType = sourcecode.swift; path = AlamofireCient.swift; sourceTree = "<group>"; };
		FAB94D7C1F335F8B00C4DC6D /* Environment.swift */ = {isa = PBXFileReference; fileEncoding = 4; lastKnownFileType = sourcecode.swift; path = Environment.swift; sourceTree = "<group>"; };
		FAB94D7E1F33617700C4DC6D /* SharedSettings.swift */ = {isa = PBXFileReference; fileEncoding = 4; lastKnownFileType = sourcecode.swift; path = SharedSettings.swift; sourceTree = "<group>"; };
		FAB94D801F3369C200C4DC6D /* NetworkError.swift */ = {isa = PBXFileReference; fileEncoding = 4; lastKnownFileType = sourcecode.swift; path = NetworkError.swift; sourceTree = "<group>"; };
		FAB94D821F33747000C4DC6D /* MappingContext.swift */ = {isa = PBXFileReference; fileEncoding = 4; lastKnownFileType = sourcecode.swift; path = MappingContext.swift; sourceTree = "<group>"; };
		FAB94D841F3376F200C4DC6D /* BaseResponse.swift */ = {isa = PBXFileReference; fileEncoding = 4; lastKnownFileType = sourcecode.swift; path = BaseResponse.swift; sourceTree = "<group>"; };
		FAB94D861F33797000C4DC6D /* SampleData.swift */ = {isa = PBXFileReference; fileEncoding = 4; lastKnownFileType = sourcecode.swift; path = SampleData.swift; sourceTree = "<group>"; };
		FAB94D881F337CC400C4DC6D /* SampleDataService.swift */ = {isa = PBXFileReference; fileEncoding = 4; lastKnownFileType = sourcecode.swift; path = SampleDataService.swift; sourceTree = "<group>"; };
/* End PBXFileReference section */

/* Begin PBXFrameworksBuildPhase section */
		FA4A65361F28F16500ED6138 /* Frameworks */ = {
			isa = PBXFrameworksBuildPhase;
			buildActionMask = 2147483647;
			files = (
				94AF953A404E4B5CA232211B /* Pods_Components.framework in Frameworks */,
			);
			runOnlyForDeploymentPostprocessing = 0;
		};
		FA4A654A1F28F16600ED6138 /* Frameworks */ = {
			isa = PBXFrameworksBuildPhase;
			buildActionMask = 2147483647;
			files = (
				1BCCF7E1C83106514B156165 /* Pods_ComponentsTests.framework in Frameworks */,
			);
			runOnlyForDeploymentPostprocessing = 0;
		};
/* End PBXFrameworksBuildPhase section */

/* Begin PBXGroup section */
		5FEBE8ADE05F18DFA5BAB54E /* Pods */ = {
			isa = PBXGroup;
			children = (
				26A61C6BFF74CC9DDB3DBF53 /* Pods-Components.debug.xcconfig */,
				150D61C12E6DBE855D95BD60 /* Pods-Components.release.xcconfig */,
				D27472B6533275FCE4933F54 /* Pods-ComponentsTests.debug.xcconfig */,
				94CCF170654686C40A76C68A /* Pods-ComponentsTests.release.xcconfig */,
			);
			name = Pods;
			sourceTree = "<group>";
		};
		9D2C3D9B2685B67CF596FF6A /* Frameworks */ = {
			isa = PBXGroup;
			children = (
				14A769DF285468E48D2779C2 /* Pods_Components.framework */,
				43BEF15495185CC05024733B /* Pods_ComponentsTests.framework */,
			);
			name = Frameworks;
			sourceTree = "<group>";
		};
		FA06AA371F36EF7E000C9F49 /* Views */ = {
			isa = PBXGroup;
			children = (
				FA06AA381F36EF7E000C9F49 /* Pagecontrol */,
			);
			path = Views;
			sourceTree = "<group>";
		};
		FA06AA381F36EF7E000C9F49 /* Pagecontrol */ = {
			isa = PBXGroup;
			children = (
				FA06AA391F36EFB9000C9F49 /* JoyViewController.swift */,
				FA06AA3B1F36EFDC000C9F49 /* Joy.storyboard */,
				FA06AA3E1F36F6CC000C9F49 /* JoyPageView.swift */,
			);
			path = Pagecontrol;
			sourceTree = "<group>";
		};
		FA06AA431F3701CB000C9F49 /* Library */ = {
			isa = PBXGroup;
			children = (
				FA06AA441F3701CB000C9F49 /* FXPageControl */,
			);
			path = Library;
			sourceTree = "<group>";
		};
		FA06AA441F3701CB000C9F49 /* FXPageControl */ = {
			isa = PBXGroup;
			children = (
				FA06AA451F3701CB000C9F49 /* FXPageControl.h */,
				FA06AA461F3701CB000C9F49 /* FXPageControl.m */,
			);
			path = FXPageControl;
			sourceTree = "<group>";
		};
		FA4A65301F28F16500ED6138 = {
			isa = PBXGroup;
			children = (
				FA4A653B1F28F16500ED6138 /* Components */,
				FA4A65501F28F16600ED6138 /* ComponentsTests */,
				FA4A653A1F28F16500ED6138 /* Products */,
				5FEBE8ADE05F18DFA5BAB54E /* Pods */,
				9D2C3D9B2685B67CF596FF6A /* Frameworks */,
			);
			sourceTree = "<group>";
		};
		FA4A653A1F28F16500ED6138 /* Products */ = {
			isa = PBXGroup;
			children = (
				FA4A65391F28F16500ED6138 /* Components.app */,
				FA4A654D1F28F16600ED6138 /* ComponentsTests.xctest */,
			);
			name = Products;
			sourceTree = "<group>";
		};
		FA4A653B1F28F16500ED6138 /* Components */ = {
			isa = PBXGroup;
			children = (
				FA06AA431F3701CB000C9F49 /* Library */,
				FA06AA371F36EF7E000C9F49 /* Views */,
				FAB94D751F33549400C4DC6D /* Services */,
				FAB94D741F33548400C4DC6D /* Model */,
				FA4C69201F30F7F60079A8C9 /* Network */,
				FA4C691A1F30E69E0079A8C9 /* DesignPattern */,
				FA4A653C1F28F16500ED6138 /* AppDelegate.swift */,
				FA4A653E1F28F16500ED6138 /* ViewController.swift */,
				FA4A65401F28F16500ED6138 /* Main.storyboard */,
				FA4A65431F28F16500ED6138 /* Assets.xcassets */,
				FA4A65481F28F16500ED6138 /* Info.plist */,
				FA06AA481F37048E000C9F49 /* Components-Bridging-Header.h */,
			);
			path = Components;
			sourceTree = "<group>";
		};
		FA4A65501F28F16600ED6138 /* ComponentsTests */ = {
			isa = PBXGroup;
			children = (
				FA4A65511F28F16600ED6138 /* ComponentsTests.swift */,
				FA4A65531F28F16600ED6138 /* Info.plist */,
			);
			path = ComponentsTests;
			sourceTree = "<group>";
		};
		FA4C691A1F30E69E0079A8C9 /* DesignPattern */ = {
			isa = PBXGroup;
			children = (
				FA4C691B1F30E6BA0079A8C9 /* Singleton.swift */,
				FA4C691D1F30E90F0079A8C9 /* BuilderPattern.swift */,
			);
			path = DesignPattern;
			sourceTree = "<group>";
		};
		FA4C69201F30F7F60079A8C9 /* Network */ = {
			isa = PBXGroup;
			children = (
				FA4C69211F30F8100079A8C9 /* NetworkManager.swift */,
				FAB94D781F33559400C4DC6D /* NetworkClient.swift */,
				FAB94D7A1F335C9200C4DC6D /* AlamofireCient.swift */,
				FAB94D7C1F335F8B00C4DC6D /* Environment.swift */,
				FAB94D7E1F33617700C4DC6D /* SharedSettings.swift */,
				FAB94D801F3369C200C4DC6D /* NetworkError.swift */,
			);
			path = Network;
			sourceTree = "<group>";
		};
		FAB94D741F33548400C4DC6D /* Model */ = {
			isa = PBXGroup;
			children = (
				FAB94D821F33747000C4DC6D /* MappingContext.swift */,
				FAB94D841F3376F200C4DC6D /* BaseResponse.swift */,
				FAB94D861F33797000C4DC6D /* SampleData.swift */,
			);
			path = Model;
			sourceTree = "<group>";
		};
		FAB94D751F33549400C4DC6D /* Services */ = {
			isa = PBXGroup;
			children = (
				FAB94D761F33549400C4DC6D /* ServiceType.swift */,
				FAB94D881F337CC400C4DC6D /* SampleDataService.swift */,
			);
			path = Services;
			sourceTree = "<group>";
		};
/* End PBXGroup section */

/* Begin PBXNativeTarget section */
		FA4A65381F28F16500ED6138 /* Components */ = {
			isa = PBXNativeTarget;
			buildConfigurationList = FA4A65561F28F16600ED6138 /* Build configuration list for PBXNativeTarget "Components" */;
			buildPhases = (
				66E7DAD3F8FC563D00B12007 /* [CP] Check Pods Manifest.lock */,
				FA4A65351F28F16500ED6138 /* Sources */,
				FA4A65361F28F16500ED6138 /* Frameworks */,
				FA4A65371F28F16500ED6138 /* Resources */,
				D1E5159771425B8C3C635AB0 /* [CP] Embed Pods Frameworks */,
				DD159016A64C207718E05D48 /* [CP] Copy Pods Resources */,
			);
			buildRules = (
			);
			dependencies = (
			);
			name = Components;
			productName = Components;
			productReference = FA4A65391F28F16500ED6138 /* Components.app */;
			productType = "com.apple.product-type.application";
		};
		FA4A654C1F28F16600ED6138 /* ComponentsTests */ = {
			isa = PBXNativeTarget;
			buildConfigurationList = FA4A65591F28F16600ED6138 /* Build configuration list for PBXNativeTarget "ComponentsTests" */;
			buildPhases = (
				3F9E18664D413688C196F8CF /* [CP] Check Pods Manifest.lock */,
				FA4A65491F28F16600ED6138 /* Sources */,
				FA4A654A1F28F16600ED6138 /* Frameworks */,
				FA4A654B1F28F16600ED6138 /* Resources */,
				F039AED145A607DEB2057FE6 /* [CP] Embed Pods Frameworks */,
				493F00C8AE263811E1D909DA /* [CP] Copy Pods Resources */,
			);
			buildRules = (
			);
			dependencies = (
				FA4A654F1F28F16600ED6138 /* PBXTargetDependency */,
			);
			name = ComponentsTests;
			productName = ComponentsTests;
			productReference = FA4A654D1F28F16600ED6138 /* ComponentsTests.xctest */;
			productType = "com.apple.product-type.bundle.unit-test";
		};
/* End PBXNativeTarget section */

/* Begin PBXProject section */
		FA4A65311F28F16500ED6138 /* Project object */ = {
			isa = PBXProject;
			attributes = {
				LastSwiftUpdateCheck = 0810;
				LastUpgradeCheck = 0810;
				ORGANIZATIONNAME = "__SELF___";
				TargetAttributes = {
					FA4A65381F28F16500ED6138 = {
						CreatedOnToolsVersion = 8.1;
						ProvisioningStyle = Automatic;
					};
					FA4A654C1F28F16600ED6138 = {
						CreatedOnToolsVersion = 8.1;
						ProvisioningStyle = Automatic;
						TestTargetID = FA4A65381F28F16500ED6138;
					};
				};
			};
			buildConfigurationList = FA4A65341F28F16500ED6138 /* Build configuration list for PBXProject "Components" */;
			compatibilityVersion = "Xcode 3.2";
			developmentRegion = English;
			hasScannedForEncodings = 0;
			knownRegions = (
				en,
				Base,
			);
			mainGroup = FA4A65301F28F16500ED6138;
			productRefGroup = FA4A653A1F28F16500ED6138 /* Products */;
			projectDirPath = "";
			projectRoot = "";
			targets = (
				FA4A65381F28F16500ED6138 /* Components */,
				FA4A654C1F28F16600ED6138 /* ComponentsTests */,
			);
		};
/* End PBXProject section */

/* Begin PBXResourcesBuildPhase section */
		FA4A65371F28F16500ED6138 /* Resources */ = {
			isa = PBXResourcesBuildPhase;
			buildActionMask = 2147483647;
			files = (
				FA4A65441F28F16500ED6138 /* Assets.xcassets in Resources */,
				FA06AA3C1F36EFDC000C9F49 /* Joy.storyboard in Resources */,
				FA4A65421F28F16500ED6138 /* Main.storyboard in Resources */,
			);
			runOnlyForDeploymentPostprocessing = 0;
		};
		FA4A654B1F28F16600ED6138 /* Resources */ = {
			isa = PBXResourcesBuildPhase;
			buildActionMask = 2147483647;
			files = (
			);
			runOnlyForDeploymentPostprocessing = 0;
		};
/* End PBXResourcesBuildPhase section */

/* Begin PBXShellScriptBuildPhase section */
		3F9E18664D413688C196F8CF /* [CP] Check Pods Manifest.lock */ = {
			isa = PBXShellScriptBuildPhase;
			buildActionMask = 2147483647;
			files = (
			);
			inputPaths = (
			);
			name = "[CP] Check Pods Manifest.lock";
			outputPaths = (
			);
			runOnlyForDeploymentPostprocessing = 0;
			shellPath = /bin/sh;
			shellScript = "diff \"${PODS_ROOT}/../Podfile.lock\" \"${PODS_ROOT}/Manifest.lock\" > /dev/null\nif [ $? != 0 ] ; then\n    # print error to STDERR\n    echo \"error: The sandbox is not in sync with the Podfile.lock. Run 'pod install' or update your CocoaPods installation.\" >&2\n    exit 1\nfi\n";
			showEnvVarsInLog = 0;
		};
		493F00C8AE263811E1D909DA /* [CP] Copy Pods Resources */ = {
			isa = PBXShellScriptBuildPhase;
			buildActionMask = 2147483647;
			files = (
			);
			inputPaths = (
			);
			name = "[CP] Copy Pods Resources";
			outputPaths = (
			);
			runOnlyForDeploymentPostprocessing = 0;
			shellPath = /bin/sh;
			shellScript = "\"${SRCROOT}/Pods/Target Support Files/Pods-ComponentsTests/Pods-ComponentsTests-resources.sh\"\n";
			showEnvVarsInLog = 0;
		};
		66E7DAD3F8FC563D00B12007 /* [CP] Check Pods Manifest.lock */ = {
			isa = PBXShellScriptBuildPhase;
			buildActionMask = 2147483647;
			files = (
			);
			inputPaths = (
			);
			name = "[CP] Check Pods Manifest.lock";
			outputPaths = (
			);
			runOnlyForDeploymentPostprocessing = 0;
			shellPath = /bin/sh;
			shellScript = "diff \"${PODS_ROOT}/../Podfile.lock\" \"${PODS_ROOT}/Manifest.lock\" > /dev/null\nif [ $? != 0 ] ; then\n    # print error to STDERR\n    echo \"error: The sandbox is not in sync with the Podfile.lock. Run 'pod install' or update your CocoaPods installation.\" >&2\n    exit 1\nfi\n";
			showEnvVarsInLog = 0;
		};
		D1E5159771425B8C3C635AB0 /* [CP] Embed Pods Frameworks */ = {
			isa = PBXShellScriptBuildPhase;
			buildActionMask = 2147483647;
			files = (
			);
			inputPaths = (
			);
			name = "[CP] Embed Pods Frameworks";
			outputPaths = (
			);
			runOnlyForDeploymentPostprocessing = 0;
			shellPath = /bin/sh;
			shellScript = "\"${SRCROOT}/Pods/Target Support Files/Pods-Components/Pods-Components-frameworks.sh\"\n";
			showEnvVarsInLog = 0;
		};
		DD159016A64C207718E05D48 /* [CP] Copy Pods Resources */ = {
			isa = PBXShellScriptBuildPhase;
			buildActionMask = 2147483647;
			files = (
			);
			inputPaths = (
			);
			name = "[CP] Copy Pods Resources";
			outputPaths = (
			);
			runOnlyForDeploymentPostprocessing = 0;
			shellPath = /bin/sh;
			shellScript = "\"${SRCROOT}/Pods/Target Support Files/Pods-Components/Pods-Components-resources.sh\"\n";
			showEnvVarsInLog = 0;
		};
		F039AED145A607DEB2057FE6 /* [CP] Embed Pods Frameworks */ = {
			isa = PBXShellScriptBuildPhase;
			buildActionMask = 2147483647;
			files = (
			);
			inputPaths = (
			);
			name = "[CP] Embed Pods Frameworks";
			outputPaths = (
			);
			runOnlyForDeploymentPostprocessing = 0;
			shellPath = /bin/sh;
			shellScript = "\"${SRCROOT}/Pods/Target Support Files/Pods-ComponentsTests/Pods-ComponentsTests-frameworks.sh\"\n";
			showEnvVarsInLog = 0;
		};
/* End PBXShellScriptBuildPhase section */

/* Begin PBXSourcesBuildPhase section */
		FA4A65351F28F16500ED6138 /* Sources */ = {
			isa = PBXSourcesBuildPhase;
			buildActionMask = 2147483647;
			files = (
				FAB94D891F337CC400C4DC6D /* SampleDataService.swift in Sources */,
				FA4C691E1F30E90F0079A8C9 /* BuilderPattern.swift in Sources */,
				FA06AA471F3701CB000C9F49 /* FXPageControl.m in Sources */,
				FA06AA3F1F36F6CC000C9F49 /* JoyPageView.swift in Sources */,
				FAB94D871F33797000C4DC6D /* SampleData.swift in Sources */,
				FA4A653F1F28F16500ED6138 /* ViewController.swift in Sources */,
				FAB94D7B1F335C9200C4DC6D /* AlamofireCient.swift in Sources */,
				FAB94D7F1F33617700C4DC6D /* SharedSettings.swift in Sources */,
				FA06AA3A1F36EFB9000C9F49 /* JoyViewController.swift in Sources */,
				FA4C69221F30F8100079A8C9 /* NetworkManager.swift in Sources */,
				FAB94D7D1F335F8B00C4DC6D /* Environment.swift in Sources */,
				FA4C691C1F30E6BA0079A8C9 /* Singleton.swift in Sources */,
				FAB94D791F33559400C4DC6D /* NetworkClient.swift in Sources */,
				FAB94D831F33747000C4DC6D /* MappingContext.swift in Sources */,
				FA4A653D1F28F16500ED6138 /* AppDelegate.swift in Sources */,
				FAB94D811F3369C200C4DC6D /* NetworkError.swift in Sources */,
				FAB94D771F33549400C4DC6D /* ServiceType.swift in Sources */,
				FAB94D851F3376F200C4DC6D /* BaseResponse.swift in Sources */,
			);
			runOnlyForDeploymentPostprocessing = 0;
		};
		FA4A65491F28F16600ED6138 /* Sources */ = {
			isa = PBXSourcesBuildPhase;
			buildActionMask = 2147483647;
			files = (
				FA4A65521F28F16600ED6138 /* ComponentsTests.swift in Sources */,
			);
			runOnlyForDeploymentPostprocessing = 0;
		};
/* End PBXSourcesBuildPhase section */

/* Begin PBXTargetDependency section */
		FA4A654F1F28F16600ED6138 /* PBXTargetDependency */ = {
			isa = PBXTargetDependency;
			target = FA4A65381F28F16500ED6138 /* Components */;
			targetProxy = FA4A654E1F28F16600ED6138 /* PBXContainerItemProxy */;
		};
/* End PBXTargetDependency section */

/* Begin PBXVariantGroup section */
		FA4A65401F28F16500ED6138 /* Main.storyboard */ = {
			isa = PBXVariantGroup;
			children = (
				FA4A65411F28F16500ED6138 /* Base */,
			);
			name = Main.storyboard;
			sourceTree = "<group>";
		};
/* End PBXVariantGroup section */

/* Begin XCBuildConfiguration section */
		FA4A65541F28F16600ED6138 /* Debug */ = {
			isa = XCBuildConfiguration;
			buildSettings = {
				ALWAYS_SEARCH_USER_PATHS = NO;
				CLANG_ANALYZER_NONNULL = YES;
				CLANG_CXX_LANGUAGE_STANDARD = "gnu++0x";
				CLANG_CXX_LIBRARY = "libc++";
				CLANG_ENABLE_MODULES = YES;
				CLANG_ENABLE_OBJC_ARC = YES;
				CLANG_WARN_BOOL_CONVERSION = YES;
				CLANG_WARN_CONSTANT_CONVERSION = YES;
				CLANG_WARN_DIRECT_OBJC_ISA_USAGE = YES_ERROR;
				CLANG_WARN_DOCUMENTATION_COMMENTS = YES;
				CLANG_WARN_EMPTY_BODY = YES;
				CLANG_WARN_ENUM_CONVERSION = YES;
				CLANG_WARN_INFINITE_RECURSION = YES;
				CLANG_WARN_INT_CONVERSION = YES;
				CLANG_WARN_OBJC_ROOT_CLASS = YES_ERROR;
				CLANG_WARN_SUSPICIOUS_MOVES = YES;
				CLANG_WARN_UNREACHABLE_CODE = YES;
				CLANG_WARN__DUPLICATE_METHOD_MATCH = YES;
				"CODE_SIGN_IDENTITY[sdk=iphoneos*]" = "iPhone Developer";
				COPY_PHASE_STRIP = NO;
				DEBUG_INFORMATION_FORMAT = dwarf;
				ENABLE_STRICT_OBJC_MSGSEND = YES;
				ENABLE_TESTABILITY = YES;
				GCC_C_LANGUAGE_STANDARD = gnu99;
				GCC_DYNAMIC_NO_PIC = NO;
				GCC_NO_COMMON_BLOCKS = YES;
				GCC_OPTIMIZATION_LEVEL = 0;
				GCC_PREPROCESSOR_DEFINITIONS = (
					"DEBUG=1",
					"$(inherited)",
				);
				GCC_WARN_64_TO_32_BIT_CONVERSION = YES;
				GCC_WARN_ABOUT_RETURN_TYPE = YES_ERROR;
				GCC_WARN_UNDECLARED_SELECTOR = YES;
				GCC_WARN_UNINITIALIZED_AUTOS = YES_AGGRESSIVE;
				GCC_WARN_UNUSED_FUNCTION = YES;
				GCC_WARN_UNUSED_VARIABLE = YES;
				IPHONEOS_DEPLOYMENT_TARGET = 10.1;
				MTL_ENABLE_DEBUG_INFO = YES;
				ONLY_ACTIVE_ARCH = YES;
				SDKROOT = iphoneos;
				SWIFT_ACTIVE_COMPILATION_CONDITIONS = DEBUG;
				SWIFT_OPTIMIZATION_LEVEL = "-Onone";
			};
			name = Debug;
		};
		FA4A65551F28F16600ED6138 /* Release */ = {
			isa = XCBuildConfiguration;
			buildSettings = {
				ALWAYS_SEARCH_USER_PATHS = NO;
				CLANG_ANALYZER_NONNULL = YES;
				CLANG_CXX_LANGUAGE_STANDARD = "gnu++0x";
				CLANG_CXX_LIBRARY = "libc++";
				CLANG_ENABLE_MODULES = YES;
				CLANG_ENABLE_OBJC_ARC = YES;
				CLANG_WARN_BOOL_CONVERSION = YES;
				CLANG_WARN_CONSTANT_CONVERSION = YES;
				CLANG_WARN_DIRECT_OBJC_ISA_USAGE = YES_ERROR;
				CLANG_WARN_DOCUMENTATION_COMMENTS = YES;
				CLANG_WARN_EMPTY_BODY = YES;
				CLANG_WARN_ENUM_CONVERSION = YES;
				CLANG_WARN_INFINITE_RECURSION = YES;
				CLANG_WARN_INT_CONVERSION = YES;
				CLANG_WARN_OBJC_ROOT_CLASS = YES_ERROR;
				CLANG_WARN_SUSPICIOUS_MOVES = YES;
				CLANG_WARN_UNREACHABLE_CODE = YES;
				CLANG_WARN__DUPLICATE_METHOD_MATCH = YES;
				"CODE_SIGN_IDENTITY[sdk=iphoneos*]" = "iPhone Developer";
				COPY_PHASE_STRIP = NO;
				DEBUG_INFORMATION_FORMAT = "dwarf-with-dsym";
				ENABLE_NS_ASSERTIONS = NO;
				ENABLE_STRICT_OBJC_MSGSEND = YES;
				GCC_C_LANGUAGE_STANDARD = gnu99;
				GCC_NO_COMMON_BLOCKS = YES;
				GCC_WARN_64_TO_32_BIT_CONVERSION = YES;
				GCC_WARN_ABOUT_RETURN_TYPE = YES_ERROR;
				GCC_WARN_UNDECLARED_SELECTOR = YES;
				GCC_WARN_UNINITIALIZED_AUTOS = YES_AGGRESSIVE;
				GCC_WARN_UNUSED_FUNCTION = YES;
				GCC_WARN_UNUSED_VARIABLE = YES;
				IPHONEOS_DEPLOYMENT_TARGET = 10.1;
				MTL_ENABLE_DEBUG_INFO = NO;
				SDKROOT = iphoneos;
				SWIFT_OPTIMIZATION_LEVEL = "-Owholemodule";
				VALIDATE_PRODUCT = YES;
			};
			name = Release;
		};
		FA4A65571F28F16600ED6138 /* Debug */ = {
			isa = XCBuildConfiguration;
			baseConfigurationReference = 26A61C6BFF74CC9DDB3DBF53 /* Pods-Components.debug.xcconfig */;
			buildSettings = {
				ASSETCATALOG_COMPILER_APPICON_NAME = AppIcon;
				INFOPLIST_FILE = Components/Info.plist;
				LD_RUNPATH_SEARCH_PATHS = "$(inherited) @executable_path/Frameworks";
				PRODUCT_BUNDLE_IDENTIFIER = com.self.Components;
				PRODUCT_NAME = "$(TARGET_NAME)";
				SWIFT_OBJC_BRIDGING_HEADER = "Components/Components-Bridging-Header.h";
				SWIFT_VERSION = 3.0;
			};
			name = Debug;
		};
		FA4A65581F28F16600ED6138 /* Release */ = {
			isa = XCBuildConfiguration;
			baseConfigurationReference = 150D61C12E6DBE855D95BD60 /* Pods-Components.release.xcconfig */;
			buildSettings = {
				ASSETCATALOG_COMPILER_APPICON_NAME = AppIcon;
				INFOPLIST_FILE = Components/Info.plist;
				LD_RUNPATH_SEARCH_PATHS = "$(inherited) @executable_path/Frameworks";
				PRODUCT_BUNDLE_IDENTIFIER = com.self.Components;
				PRODUCT_NAME = "$(TARGET_NAME)";
				SWIFT_OBJC_BRIDGING_HEADER = "Components/Components-Bridging-Header.h";
				SWIFT_VERSION = 3.0;
			};
			name = Release;
		};
		FA4A655A1F28F16600ED6138 /* Debug */ = {
			isa = XCBuildConfiguration;
			baseConfigurationReference = D27472B6533275FCE4933F54 /* Pods-ComponentsTests.debug.xcconfig */;
			buildSettings = {
				ALWAYS_EMBED_SWIFT_STANDARD_LIBRARIES = YES;
				BUNDLE_LOADER = "$(TEST_HOST)";
				INFOPLIST_FILE = ComponentsTests/Info.plist;
				LD_RUNPATH_SEARCH_PATHS = "$(inherited) @executable_path/Frameworks @loader_path/Frameworks";
				PRODUCT_BUNDLE_IDENTIFIER = com.self.ComponentsTests;
				PRODUCT_NAME = "$(TARGET_NAME)";
				SWIFT_VERSION = 3.0;
				TEST_HOST = "$(BUILT_PRODUCTS_DIR)/Components.app/Components";
			};
			name = Debug;
		};
		FA4A655B1F28F16600ED6138 /* Release */ = {
			isa = XCBuildConfiguration;
			baseConfigurationReference = 94CCF170654686C40A76C68A /* Pods-ComponentsTests.release.xcconfig */;
			buildSettings = {
				ALWAYS_EMBED_SWIFT_STANDARD_LIBRARIES = YES;
				BUNDLE_LOADER = "$(TEST_HOST)";
				INFOPLIST_FILE = ComponentsTests/Info.plist;
				LD_RUNPATH_SEARCH_PATHS = "$(inherited) @executable_path/Frameworks @loader_path/Frameworks";
				PRODUCT_BUNDLE_IDENTIFIER = com.self.ComponentsTests;
				PRODUCT_NAME = "$(TARGET_NAME)";
				SWIFT_VERSION = 3.0;
				TEST_HOST = "$(BUILT_PRODUCTS_DIR)/Components.app/Components";
			};
			name = Release;
		};
/* End XCBuildConfiguration section */

/* Begin XCConfigurationList section */
		FA4A65341F28F16500ED6138 /* Build configuration list for PBXProject "Components" */ = {
			isa = XCConfigurationList;
			buildConfigurations = (
				FA4A65541F28F16600ED6138 /* Debug */,
				FA4A65551F28F16600ED6138 /* Release */,
			);
			defaultConfigurationIsVisible = 0;
			defaultConfigurationName = Release;
		};
		FA4A65561F28F16600ED6138 /* Build configuration list for PBXNativeTarget "Components" */ = {
			isa = XCConfigurationList;
			buildConfigurations = (
				FA4A65571F28F16600ED6138 /* Debug */,
				FA4A65581F28F16600ED6138 /* Release */,
			);
			defaultConfigurationIsVisible = 0;
			defaultConfigurationName = Release;
		};
		FA4A65591F28F16600ED6138 /* Build configuration list for PBXNativeTarget "ComponentsTests" */ = {
			isa = XCConfigurationList;
			buildConfigurations = (
				FA4A655A1F28F16600ED6138 /* Debug */,
				FA4A655B1F28F16600ED6138 /* Release */,
			);
			defaultConfigurationIsVisible = 0;
			defaultConfigurationName = Release;
		};
/* End XCConfigurationList section */
	};
	rootObject = FA4A65311F28F16500ED6138 /* Project object */;
}
